
Microsoft Visual Studio Solution File, Format Version 12.00
# Visual Studio Version 16
VisualStudioVersion = 16.0.29509.3
MinimumVisualStudioVersion = 10.0.40219.1
Project("{9A19103F-16F7-4668-BE54-9A1E7A4F7556}") = "MGonzaga.WebMotors.Anuncios.API", "MGonzaga.WebMotors.Anuncios.API\MGonzaga.WebMotors.Anuncios.API.csproj", "{4F7E18D9-C403-4D61-8727-39B6D591471B}"
EndProject
Project("{9A19103F-16F7-4668-BE54-9A1E7A4F7556}") = "MGonzaga.WebMotors.Anuncios.Infrastructure", "MGonzaga.WebMotors.Anuncios.Infrastructure\MGonzaga.WebMotors.Anuncios.Infrastructure.csproj", "{6D0D1912-3D0B-40A7-B533-5FC57AEAF7D1}"
EndProject
Project("{9A19103F-16F7-4668-BE54-9A1E7A4F7556}") = "MGonzaga.WebMotors.Anuncios.Domain", "MGonzaga.WebMotors.Anuncios.Domain\MGonzaga.WebMotors.Anuncios.Domain.csproj", "{C7A2FB8E-14D6-4187-A30F-4A4A9638BC61}"
EndProject
Project("{9A19103F-16F7-4668-BE54-9A1E7A4F7556}") = "MGonzaga.WebMotors.Anuncios.UnitTests", "MGonzaga.WebMotors.Anuncios.UnitTests\MGonzaga.WebMotors.Anuncios.UnitTests.csproj", "{76AD3FB7-7A4A-46C5-AD5B-07395EBBA0B4}"
EndProject
Project("{2150E333-8FDC-42A3-9474-1A3956D46DE8}") = "Solution Items", "Solution Items", "{24AB65A4-0F89-4B61-8943-4AD5F046A24A}"
	ProjectSection(SolutionItems) = preProject
		README.md = README.md
	EndProjectSection
EndProject
Global
	GlobalSection(SolutionConfigurationPlatforms) = preSolution
		Debug|Any CPU = Debug|Any CPU
		Release|Any CPU = Release|Any CPU
	EndGlobalSection
	GlobalSection(ProjectConfigurationPlatforms) = postSolution
		{4F7E18D9-C403-4D61-8727-39B6D591471B}.Debug|Any CPU.ActiveCfg = Debug|Any CPU
		{4F7E18D9-C403-4D61-8727-39B6D591471B}.Debug|Any CPU.Build.0 = Debug|Any CPU
		{4F7E18D9-C403-4D61-8727-39B6D591471B}.Release|Any CPU.ActiveCfg = Release|Any CPU
		{4F7E18D9-C403-4D61-8727-39B6D591471B}.Release|Any CPU.Build.0 = Release|Any CPU
		{6D0D1912-3D0B-40A7-B533-5FC57AEAF7D1}.Debug|Any CPU.ActiveCfg = Debug|Any CPU
		{6D0D1912-3D0B-40A7-B533-5FC57AEAF7D1}.Debug|Any CPU.Build.0 = Debug|Any CPU
		{6D0D1912-3D0B-40A7-B533-5FC57AEAF7D1}.Release|Any CPU.ActiveCfg = Release|Any CPU
		{6D0D1912-3D0B-40A7-B533-5FC57AEAF7D1}.Release|Any CPU.Build.0 = Release|Any CPU
		{C7A2FB8E-14D6-4187-A30F-4A4A9638BC61}.Debug|Any CPU.ActiveCfg = Debug|Any CPU
		{C7A2FB8E-14D6-4187-A30F-4A4A9638BC61}.Debug|Any CPU.Build.0 = Debug|Any CPU
		{C7A2FB8E-14D6-4187-A30F-4A4A9638BC61}.Release|Any CPU.ActiveCfg = Release|Any CPU
		{C7A2FB8E-14D6-4187-A30F-4A4A9638BC61}.Release|Any CPU.Build.0 = Release|Any CPU
		{76AD3FB7-7A4A-46C5-AD5B-07395EBBA0B4}.Debug|Any CPU.ActiveCfg = Debug|Any CPU
		{76AD3FB7-7A4A-46C5-AD5B-07395EBBA0B4}.Debug|Any CPU.Build.0 = Debug|Any CPU
		{76AD3FB7-7A4A-46C5-AD5B-07395EBBA0B4}.Release|Any CPU.ActiveCfg = Release|Any CPU
		{76AD3FB7-7A4A-46C5-AD5B-07395EBBA0B4}.Release|Any CPU.Build.0 = Release|Any CPU
	EndGlobalSection
	GlobalSection(SolutionProperties) = preSolution
		HideSolutionNode = FALSE
	EndGlobalSection
	GlobalSection(ExtensibilityGlobals) = postSolution
		SolutionGuid = {0A39AE6F-F825-44E0-A158-3529647413A4}
	EndGlobalSection
EndGlobal
